
Microsoft Visual Studio Solution File, Format Version 12.00
# Visual Studio Version 17
VisualStudioVersion = 17.4.33213.308
MinimumVisualStudioVersion = 10.0.40219.1
Project("{FAE04EC0-301F-11D3-BF4B-00C04F79EFBC}") = "Procvicovani", "Procvicovani\Procvicovani.csproj", "{CC73695C-D649-46DA-92B8-7C55C687F865}"
EndProject
Global
	GlobalSection(SolutionConfigurationPlatforms) = preSolution
		Debug|Any CPU = Debug|Any CPU
		Release|Any CPU = Release|Any CPU
	EndGlobalSection
	GlobalSection(ProjectConfigurationPlatforms) = postSolution
		{CC73695C-D649-46DA-92B8-7C55C687F865}.Debug|Any CPU.ActiveCfg = Debug|Any CPU
		{CC73695C-D649-46DA-92B8-7C55C687F865}.Debug|Any CPU.Build.0 = Debug|Any CPU
		{CC73695C-D649-46DA-92B8-7C55C687F865}.Release|Any CPU.ActiveCfg = Release|Any CPU
		{CC73695C-D649-46DA-92B8-7C55C687F865}.Release|Any CPU.Build.0 = Release|Any CPU
	EndGlobalSection
	GlobalSection(SolutionProperties) = preSolution
		HideSolutionNode = FALSE
	EndGlobalSection
	GlobalSection(ExtensibilityGlobals) = postSolution
		SolutionGuid = {EB41811E-56EB-4054-AD0A-944CB248286A}
	EndGlobalSection
EndGlobal
